
Microsoft Visual Studio Solution File, Format Version 12.00
# Visual Studio Version 17
VisualStudioVersion = 17.4.33122.133
MinimumVisualStudioVersion = 10.0.40219.1
Project("{FAE04EC0-301F-11D3-BF4B-00C04F79EFBC}") = "classOrnek", "classOrnek\classOrnek.csproj", "{4D354CD6-924C-47B2-965B-32F5536788DF}"
EndProject
Global
	GlobalSection(SolutionConfigurationPlatforms) = preSolution
		Debug|Any CPU = Debug|Any CPU
		Release|Any CPU = Release|Any CPU
	EndGlobalSection
	GlobalSection(ProjectConfigurationPlatforms) = postSolution
		{4D354CD6-924C-47B2-965B-32F5536788DF}.Debug|Any CPU.ActiveCfg = Debug|Any CPU
		{4D354CD6-924C-47B2-965B-32F5536788DF}.Debug|Any CPU.Build.0 = Debug|Any CPU
		{4D354CD6-924C-47B2-965B-32F5536788DF}.Release|Any CPU.ActiveCfg = Release|Any CPU
		{4D354CD6-924C-47B2-965B-32F5536788DF}.Release|Any CPU.Build.0 = Release|Any CPU
	EndGlobalSection
	GlobalSection(SolutionProperties) = preSolution
		HideSolutionNode = FALSE
	EndGlobalSection
	GlobalSection(ExtensibilityGlobals) = postSolution
		SolutionGuid = {4B1456CB-4419-4BCD-976E-C1F362D96298}
	EndGlobalSection
EndGlobal
